Mirror in progress since Tue, 07 Feb 2023 12:01:43 .. please wait!
winhttrack -qir10%e1C1t%Pns2u1%s%uN0%I0p3DaK0c8T16R2H1%kf2A999950000%c10999#L10000000%f#f -F "Mozilla/4.5 (compatible; HTTrack 3.0x; Windows 98)" -%F "<!-- Mirrored from %s%s by HTTrack Website Copier/3.x [XR&CO'2014], %s -->" -%l "en, *" -%X "{'User-Agent': 'Mozilla/5.0 (Macintosh; Intel Mac OS X 10_10_1) AppleWebKit/537.36 (KHTML, like Gecko) Chrome/39.0.2171.95 Safari/537.36'}" https://temeats.com/ -O1 ""C:\My Web Sites\https___temeats.com_"" +*.css +*.js -ad.doubleclick.net/* -mime:application/foobar +*.zip +*.tar +*.tgz +*.gz +*.rar +*.z +*.exe +*.mov +*.mpg +*.mpeg +*.avi +*.asf +*.mp3 +*.mp2 +*.rm +*.wav +*.vob +*.qt +*.vid +*.ac3 +*.wma +*.wmv 
To pause the engine: create an empty file named 'hts-stop.lock'
PID=31036
START=1675792903
